// !$*UTF8*$!
{
	archiveVersion = 1;
	classes = {
	};
	objectVersion = 55;
	objects = {

/* Begin PBXBuildFile section */
		D0237ACE28E441BE000F9E54 /* HomeViewController.swift in Sources */ = {isa = PBXBuildFile; fileRef = D0237ACD28E441BE000F9E54 /* HomeViewController.swift */; };
		D0237AD428E447BE000F9E54 /* SnapKit in Frameworks */ = {isa = PBXBuildFile; productRef = D0237AD328E447BE000F9E54 /* SnapKit */; };
		D0237AD628E44C29000F9E54 /* SplashViewController+UI.swift in Sources */ = {isa = PBXBuildFile; fileRef = D0237AD528E44C29000F9E54 /* SplashViewController+UI.swift */; };
		D0237AD828E4542A000F9E54 /* Constants.swift in Sources */ = {isa = PBXBuildFile; fileRef = D0237AD728E4542A000F9E54 /* Constants.swift */; };
		D0237ADB28E454A4000F9E54 /* String+Extension.swift in Sources */ = {isa = PBXBuildFile; fileRef = D0237ADA28E454A4000F9E54 /* String+Extension.swift */; };
		D0237ADE28E4558A000F9E54 /* Localizable.strings in Resources */ = {isa = PBXBuildFile; fileRef = D0237AE028E4558A000F9E54 /* Localizable.strings */; };
		D0237AE428E457CC000F9E54 /* NVActivityIndicatorView in Frameworks */ = {isa = PBXBuildFile; productRef = D0237AE328E457CC000F9E54 /* NVActivityIndicatorView */; };
		D0237AE728E462FC000F9E54 /* Alamofire in Frameworks */ = {isa = PBXBuildFile; productRef = D0237AE628E462FC000F9E54 /* Alamofire */; };
		D0237AEA28E4636F000F9E54 /* Kingfisher in Frameworks */ = {isa = PBXBuildFile; productRef = D0237AE928E4636F000F9E54 /* Kingfisher */; };
		D0237AEC28E46404000F9E54 /* API.swift in Sources */ = {isa = PBXBuildFile; fileRef = D0237AEB28E46404000F9E54 /* API.swift */; };
		D0237AEE28E465CE000F9E54 /* Model.swift in Sources */ = {isa = PBXBuildFile; fileRef = D0237AED28E465CE000F9E54 /* Model.swift */; };
		D04D6C8428E4376E00FBACE2 /* AppDelegate.swift in Sources */ = {isa = PBXBuildFile; fileRef = D04D6C8328E4376E00FBACE2 /* AppDelegate.swift */; };
		D04D6C8628E4376E00FBACE2 /* SceneDelegate.swift in Sources */ = {isa = PBXBuildFile; fileRef = D04D6C8528E4376E00FBACE2 /* SceneDelegate.swift */; };
		D04D6C8828E4376E00FBACE2 /* SplashViewController.swift in Sources */ = {isa = PBXBuildFile; fileRef = D04D6C8728E4376E00FBACE2 /* SplashViewController.swift */; };
		D04D6C8D28E4376E00FBACE2 /* Assets.xcassets in Resources */ = {isa = PBXBuildFile; fileRef = D04D6C8C28E4376E00FBACE2 /* Assets.xcassets */; };
		D07D10A928E5A59700947DF1 /* CharacterService.swift in Sources */ = {isa = PBXBuildFile; fileRef = D07D10A828E5A59700947DF1 /* CharacterService.swift */; };
		D07D10AD28E5ADF500947DF1 /* HomeViewController+UI.swift in Sources */ = {isa = PBXBuildFile; fileRef = D07D10AC28E5ADF500947DF1 /* HomeViewController+UI.swift */; };
		D07D10AF28E5B00200947DF1 /* HomeViewController+Extension.swift in Sources */ = {isa = PBXBuildFile; fileRef = D07D10AE28E5B00200947DF1 /* HomeViewController+Extension.swift */; };
		D07D10B128E7325700947DF1 /* HomeViewCell.swift in Sources */ = {isa = PBXBuildFile; fileRef = D07D10B028E7325700947DF1 /* HomeViewCell.swift */; };
		D07D10B328E73E7A00947DF1 /* HomeViewCell+UI.swift in Sources */ = {isa = PBXBuildFile; fileRef = D07D10B228E73E7A00947DF1 /* HomeViewCell+UI.swift */; };
		D07D10B528E7504100947DF1 /* HomeViewModel.swift in Sources */ = {isa = PBXBuildFile; fileRef = D07D10B428E7504100947DF1 /* HomeViewModel.swift */; };
		D07D10BA28E89AC300947DF1 /* SearchCharacterService.swift in Sources */ = {isa = PBXBuildFile; fileRef = D07D10B928E89AC300947DF1 /* SearchCharacterService.swift */; };
/* End PBXBuildFile section */

/* Begin PBXFileReference section */
		D0237ACD28E441BE000F9E54 /* HomeViewController.swift */ = {isa = PBXFileReference; lastKnownFileType = sourcecode.swift; path = HomeViewController.swift; sourceTree = "<group>"; };
		D0237AD528E44C29000F9E54 /* SplashViewController+UI.swift */ = {isa = PBXFileReference; lastKnownFileType = sourcecode.swift; path = "SplashViewController+UI.swift"; sourceTree = "<group>"; };
		D0237AD728E4542A000F9E54 /* Constants.swift */ = {isa = PBXFileReference; lastKnownFileType = sourcecode.swift; path = Constants.swift; sourceTree = "<group>"; };
		D0237ADA28E454A4000F9E54 /* String+Extension.swift */ = {isa = PBXFileReference; lastKnownFileType = sourcecode.swift; path = "String+Extension.swift"; sourceTree = "<group>"; };
		D0237ADF28E4558A000F9E54 /* en */ = {isa = PBXFileReference; lastKnownFileType = text.plist.strings; name = en; path = en.lproj/Localizable.strings; sourceTree = "<group>"; };
		D0237AE128E45595000F9E54 /* tr */ = {isa = PBXFileReference; lastKnownFileType = text.plist.strings; name = tr; path = tr.lproj/Localizable.strings; sourceTree = "<group>"; };
		D0237AEB28E46404000F9E54 /* API.swift */ = {isa = PBXFileReference; lastKnownFileType = sourcecode.swift; path = API.swift; sourceTree = "<group>"; };
		D0237AED28E465CE000F9E54 /* Model.swift */ = {isa = PBXFileReference; lastKnownFileType = sourcecode.swift; path = Model.swift; sourceTree = "<group>"; };
		D04D6C8028E4376E00FBACE2 /* BreakingBadCharacters.app */ = {isa = PBXFileReference; explicitFileType = wrapper.application; includeInIndex = 0; path = BreakingBadCharacters.app; sourceTree = BUILT_PRODUCTS_DIR; };
		D04D6C8328E4376E00FBACE2 /* AppDelegate.swift */ = {isa = PBXFileReference; lastKnownFileType = sourcecode.swift; path = AppDelegate.swift; sourceTree = "<group>"; };
		D04D6C8528E4376E00FBACE2 /* SceneDelegate.swift */ = {isa = PBXFileReference; lastKnownFileType = sourcecode.swift; path = SceneDelegate.swift; sourceTree = "<group>"; };
		D04D6C8728E4376E00FBACE2 /* SplashViewController.swift */ = {isa = PBXFileReference; lastKnownFileType = sourcecode.swift; path = SplashViewController.swift; sourceTree = "<group>"; };
		D04D6C8C28E4376E00FBACE2 /* Assets.xcassets */ = {isa = PBXFileReference; lastKnownFileType = folder.assetcatalog; path = Assets.xcassets; sourceTree = "<group>"; };
		D04D6C9128E4376E00FBACE2 /* Info.plist */ = {isa = PBXFileReference; lastKnownFileType = text.plist.xml; path = Info.plist; sourceTree = "<group>"; };
		D07D10A828E5A59700947DF1 /* CharacterService.swift */ = {isa = PBXFileReference; lastKnownFileType = sourcecode.swift; path = CharacterService.swift; sourceTree = "<group>"; };
		D07D10AC28E5ADF500947DF1 /* HomeViewController+UI.swift */ = {isa = PBXFileReference; lastKnownFileType = sourcecode.swift; path = "HomeViewController+UI.swift"; sourceTree = "<group>"; };
		D07D10AE28E5B00200947DF1 /* HomeViewController+Extension.swift */ = {isa = PBXFileReference; lastKnownFileType = sourcecode.swift; path = "HomeViewController+Extension.swift"; sourceTree = "<group>"; };
		D07D10B028E7325700947DF1 /* HomeViewCell.swift */ = {isa = PBXFileReference; lastKnownFileType = sourcecode.swift; path = HomeViewCell.swift; sourceTree = "<group>"; };
		D07D10B228E73E7A00947DF1 /* HomeViewCell+UI.swift */ = {isa = PBXFileReference; lastKnownFileType = sourcecode.swift; path = "HomeViewCell+UI.swift"; sourceTree = "<group>"; };
		D07D10B428E7504100947DF1 /* HomeViewModel.swift */ = {isa = PBXFileReference; lastKnownFileType = sourcecode.swift; path = HomeViewModel.swift; sourceTree = "<group>"; };
		D07D10B928E89AC300947DF1 /* SearchCharacterService.swift */ = {isa = PBXFileReference; lastKnownFileType = sourcecode.swift; path = SearchCharacterService.swift; sourceTree = "<group>"; };
/* End PBXFileReference section */

/* Begin PBXFrameworksBuildPhase section */
		D04D6C7D28E4376E00FBACE2 /* Frameworks */ = {
			isa = PBXFrameworksBuildPhase;
			buildActionMask = 2147483647;
			files = (
				D0237AEA28E4636F000F9E54 /* Kingfisher in Frameworks */,
				D0237AE728E462FC000F9E54 /* Alamofire in Frameworks */,
				D0237AE428E457CC000F9E54 /* NVActivityIndicatorView in Frameworks */,
				D0237AD428E447BE000F9E54 /* SnapKit in Frameworks */,
			);
			runOnlyForDeploymentPostprocessing = 0;
		};
/* End PBXFrameworksBuildPhase section */

/* Begin PBXGroup section */
		D0237AC828E44138000F9E54 /* App */ = {
			isa = PBXGroup;
			children = (
				D04D6C8328E4376E00FBACE2 /* AppDelegate.swift */,
				D04D6C8528E4376E00FBACE2 /* SceneDelegate.swift */,
			);
			path = App;
			sourceTree = "<group>";
		};
		D0237AC928E4413E000F9E54 /* Resources */ = {
			isa = PBXGroup;
			children = (
				D04D6C8C28E4376E00FBACE2 /* Assets.xcassets */,
				D04D6C9128E4376E00FBACE2 /* Info.plist */,
				D0237AE028E4558A000F9E54 /* Localizable.strings */,
			);
			path = Resources;
			sourceTree = "<group>";
		};
		D0237ACA28E4414A000F9E54 /* Scenes */ = {
			isa = PBXGroup;
			children = (
				D0237ACC28E441A6000F9E54 /* HomeView */,
				D0237ACB28E44198000F9E54 /* SplashView */,
			);
			path = Scenes;
			sourceTree = "<group>";
		};
		D0237ACB28E44198000F9E54 /* SplashView */ = {
			isa = PBXGroup;
			children = (
				D04D6C8728E4376E00FBACE2 /* SplashViewController.swift */,
				D0237AD528E44C29000F9E54 /* SplashViewController+UI.swift */,
			);
			path = SplashView;
			sourceTree = "<group>";
		};
		D0237ACC28E441A6000F9E54 /* HomeView */ = {
			isa = PBXGroup;
			children = (
				D0237ACD28E441BE000F9E54 /* HomeViewController.swift */,
				D07D10AC28E5ADF500947DF1 /* HomeViewController+UI.swift */,
				D07D10AE28E5B00200947DF1 /* HomeViewController+Extension.swift */,
				D07D10B028E7325700947DF1 /* HomeViewCell.swift */,
				D07D10B228E73E7A00947DF1 /* HomeViewCell+UI.swift */,
				D07D10B428E7504100947DF1 /* HomeViewModel.swift */,
			);
			path = HomeView;
			sourceTree = "<group>";
		};
		D0237ACF28E441E1000F9E54 /* Services */ = {
			isa = PBXGroup;
			children = (
				D0237AEB28E46404000F9E54 /* API.swift */,
				D07D10A828E5A59700947DF1 /* CharacterService.swift */,
				D07D10B928E89AC300947DF1 /* SearchCharacterService.swift */,
			);
			path = Services;
			sourceTree = "<group>";
		};
		D0237AD028E441E8000F9E54 /* Model */ = {
			isa = PBXGroup;
			children = (
				D0237AED28E465CE000F9E54 /* Model.swift */,
			);
			path = Model;
			sourceTree = "<group>";
		};
		D0237AD128E441ED000F9E54 /* Utilities */ = {
			isa = PBXGroup;
			children = (
				D0237AD728E4542A000F9E54 /* Constants.swift */,
			);
			path = Utilities;
			sourceTree = "<group>";
		};
		D0237AD928E45492000F9E54 /* Extensions */ = {
			isa = PBXGroup;
			children = (
				D0237ADA28E454A4000F9E54 /* String+Extension.swift */,
			);
			path = Extensions;
			sourceTree = "<group>";
		};
		D04D6C7728E4376E00FBACE2 = {
			isa = PBXGroup;
			children = (
				D04D6C8228E4376E00FBACE2 /* BreakingBadCharacters */,
				D04D6C8128E4376E00FBACE2 /* Products */,
			);
			sourceTree = "<group>";
		};
		D04D6C8128E4376E00FBACE2 /* Products */ = {
			isa = PBXGroup;
			children = (
				D04D6C8028E4376E00FBACE2 /* BreakingBadCharacters.app */,
			);
			name = Products;
			sourceTree = "<group>";
		};
		D04D6C8228E4376E00FBACE2 /* BreakingBadCharacters */ = {
			isa = PBXGroup;
			children = (
				D0237AC828E44138000F9E54 /* App */,
				D0237AD928E45492000F9E54 /* Extensions */,
				D0237AD028E441E8000F9E54 /* Model */,
				D0237AC928E4413E000F9E54 /* Resources */,
				D0237ACA28E4414A000F9E54 /* Scenes */,
				D0237ACF28E441E1000F9E54 /* Services */,
				D0237AD128E441ED000F9E54 /* Utilities */,
			);
			path = BreakingBadCharacters;
			sourceTree = "<group>";
		};
/* End PBXGroup section */

/* Begin PBXNativeTarget section */
		D04D6C7F28E4376E00FBACE2 /* BreakingBadCharacters */ = {
			isa = PBXNativeTarget;
			buildConfigurationList = D04D6C9428E4376E00FBACE2 /* Build configuration list for PBXNativeTarget "BreakingBadCharacters" */;
			buildPhases = (
				D04D6C7C28E4376E00FBACE2 /* Sources */,
				D04D6C7D28E4376E00FBACE2 /* Frameworks */,
				D04D6C7E28E4376E00FBACE2 /* Resources */,
				D04D6C9728E43A1700FBACE2 /* ShellScript */,
			);
			buildRules = (
			);
			dependencies = (
			);
			name = BreakingBadCharacters;
			packageProductDependencies = (
				D0237AD328E447BE000F9E54 /* SnapKit */,
				D0237AE328E457CC000F9E54 /* NVActivityIndicatorView */,
				D0237AE628E462FC000F9E54 /* Alamofire */,
				D0237AE928E4636F000F9E54 /* Kingfisher */,
			);
			productName = BreakingBadCharacters;
			productReference = D04D6C8028E4376E00FBACE2 /* BreakingBadCharacters.app */;
			productType = "com.apple.product-type.application";
		};
/* End PBXNativeTarget section */

/* Begin PBXProject section */
		D04D6C7828E4376E00FBACE2 /* Project object */ = {
			isa = PBXProject;
			attributes = {
				BuildIndependentTargetsInParallel = 1;
				LastSwiftUpdateCheck = 1340;
				LastUpgradeCheck = 1340;
				TargetAttributes = {
					D04D6C7F28E4376E00FBACE2 = {
						CreatedOnToolsVersion = 13.4;
					};
				};
			};
			buildConfigurationList = D04D6C7B28E4376E00FBACE2 /* Build configuration list for PBXProject "BreakingBadCharacters" */;
			compatibilityVersion = "Xcode 13.0";
			developmentRegion = en;
			hasScannedForEncodings = 0;
			knownRegions = (
				en,
				Base,
				tr,
			);
			mainGroup = D04D6C7728E4376E00FBACE2;
			packageReferences = (
				D0237AD228E447BE000F9E54 /* XCRemoteSwiftPackageReference "SnapKit" */,
				D0237AE228E457CC000F9E54 /* XCRemoteSwiftPackageReference "NVActivityIndicatorView" */,
				D0237AE528E462FC000F9E54 /* XCRemoteSwiftPackageReference "Alamofire" */,
				D0237AE828E4636F000F9E54 /* XCRemoteSwiftPackageReference "Kingfisher" */,
			);
			productRefGroup = D04D6C8128E4376E00FBACE2 /* Products */;
			projectDirPath = "";
			projectRoot = "";
			targets = (
				D04D6C7F28E4376E00FBACE2 /* BreakingBadCharacters */,
			);
		};
/* End PBXProject section */

/* Begin PBXResourcesBuildPhase section */
		D04D6C7E28E4376E00FBACE2 /* Resources */ = {
			isa = PBXResourcesBuildPhase;
			buildActionMask = 2147483647;
			files = (
				D04D6C8D28E4376E00FBACE2 /* Assets.xcassets in Resources */,
				D0237ADE28E4558A000F9E54 /* Localizable.strings in Resources */,
			);
			runOnlyForDeploymentPostprocessing = 0;
		};
/* End PBXResourcesBuildPhase section */

/* Begin PBXShellScriptBuildPhase section */
		D04D6C9728E43A1700FBACE2 /* ShellScript */ = {
			isa = PBXShellScriptBuildPhase;
			buildActionMask = 2147483647;
			files = (
			);
			inputFileListPaths = (
			);
			inputPaths = (
			);
			outputFileListPaths = (
			);
			outputPaths = (
			);
			runOnlyForDeploymentPostprocessing = 0;
			shellPath = /bin/sh;
			shellScript = "export PATH=\"$PATH:/opt/homebrew/bin\"\n\nif which swiftlint > /dev/null; then\n  swiftlint autocorrect && swiftlint\nelse\n  echo \"warning: SwiftLint not installed, download from https://github.com/realm/SwiftLint\"\nfi\n";
		};
/* End PBXShellScriptBuildPhase section */

/* Begin PBXSourcesBuildPhase section */
		D04D6C7C28E4376E00FBACE2 /* Sources */ = {
			isa = PBXSourcesBuildPhase;
			buildActionMask = 2147483647;
			files = (
				D0237AEE28E465CE000F9E54 /* Model.swift in Sources */,
				D0237AD628E44C29000F9E54 /* SplashViewController+UI.swift in Sources */,
				D07D10B328E73E7A00947DF1 /* HomeViewCell+UI.swift in Sources */,
				D07D10B528E7504100947DF1 /* HomeViewModel.swift in Sources */,
				D0237ADB28E454A4000F9E54 /* String+Extension.swift in Sources */,
				D07D10AD28E5ADF500947DF1 /* HomeViewController+UI.swift in Sources */,
				D04D6C8828E4376E00FBACE2 /* SplashViewController.swift in Sources */,
				D04D6C8428E4376E00FBACE2 /* AppDelegate.swift in Sources */,
				D07D10A928E5A59700947DF1 /* CharacterService.swift in Sources */,
				D07D10AF28E5B00200947DF1 /* HomeViewController+Extension.swift in Sources */,
				D07D10B128E7325700947DF1 /* HomeViewCell.swift in Sources */,
				D04D6C8628E4376E00FBACE2 /* SceneDelegate.swift in Sources */,
				D0237ACE28E441BE000F9E54 /* HomeViewController.swift in Sources */,
				D0237AEC28E46404000F9E54 /* API.swift in Sources */,
				D0237AD828E4542A000F9E54 /* Constants.swift in Sources */,
				D07D10BA28E89AC300947DF1 /* SearchCharacterService.swift in Sources */,
			);
			runOnlyForDeploymentPostprocessing = 0;
		};
/* End PBXSourcesBuildPhase section */

/* Begin PBXVariantGroup section */
		D0237AE028E4558A000F9E54 /* Localizable.strings */ = {
			isa = PBXVariantGroup;
			children = (
				D0237ADF28E4558A000F9E54 /* en */,
				D0237AE128E45595000F9E54 /* tr */,
			);
			name = Localizable.strings;
			sourceTree = "<group>";
		};
/* End PBXVariantGroup section */

/* Begin XCBuildConfiguration section */
		D04D6C9228E4376E00FBACE2 /* Debug */ = {
			isa = XCBuildConfiguration;
			buildSettings = {
				ALWAYS_SEARCH_USER_PATHS = NO;
				CLANG_ANALYZER_LOCALIZABILITY_NONLOCALIZED = YES;
				CLANG_ANALYZER_NONNULL = YES;
				CLANG_ANALYZER_NUMBER_OBJECT_CONVERSION = YES_AGGRESSIVE;
				CLANG_CXX_LANGUAGE_STANDARD = "gnu++17";
				CLANG_ENABLE_MODULES = YES;
				CLANG_ENABLE_OBJC_ARC = YES;
				CLANG_ENABLE_OBJC_WEAK = YES;
				CLANG_WARN_BLOCK_CAPTURE_AUTORELEASING = YES;
				CLANG_WARN_BOOL_CONVERSION = YES;
				CLANG_WARN_COMMA = YES;
				CLANG_WARN_CONSTANT_CONVERSION = YES;
				CLANG_WARN_DEPRECATED_OBJC_IMPLEMENTATIONS = YES;
				CLANG_WARN_DIRECT_OBJC_ISA_USAGE = YES_ERROR;
				CLANG_WARN_DOCUMENTATION_COMMENTS = YES;
				CLANG_WARN_EMPTY_BODY = YES;
				CLANG_WARN_ENUM_CONVERSION = YES;
				CLANG_WARN_INFINITE_RECURSION = YES;
				CLANG_WARN_INT_CONVERSION = YES;
				CLANG_WARN_NON_LITERAL_NULL_CONVERSION = YES;
				CLANG_WARN_OBJC_IMPLICIT_RETAIN_SELF = YES;
				CLANG_WARN_OBJC_LITERAL_CONVERSION = YES;
				CLANG_WARN_OBJC_ROOT_CLASS = YES_ERROR;
				CLANG_WARN_QUOTED_INCLUDE_IN_FRAMEWORK_HEADER = YES;
				CLANG_WARN_RANGE_LOOP_ANALYSIS = YES;
				CLANG_WARN_STRICT_PROTOTYPES = YES;
				CLANG_WARN_SUSPICIOUS_MOVE = YES;
				CLANG_WARN_UNGUARDED_AVAILABILITY = YES_AGGRESSIVE;
				CLANG_WARN_UNREACHABLE_CODE = YES;
				CLANG_WARN__DUPLICATE_METHOD_MATCH = YES;
				COPY_PHASE_STRIP = NO;
				DEBUG_INFORMATION_FORMAT = dwarf;
				ENABLE_STRICT_OBJC_MSGSEND = YES;
				ENABLE_TESTABILITY = YES;
				GCC_C_LANGUAGE_STANDARD = gnu11;
				GCC_DYNAMIC_NO_PIC = NO;
				GCC_NO_COMMON_BLOCKS = YES;
				GCC_OPTIMIZATION_LEVEL = 0;
				GCC_PREPROCESSOR_DEFINITIONS = (
					"DEBUG=1",
					"$(inherited)",
				);
				GCC_WARN_64_TO_32_BIT_CONVERSION = YES;
				GCC_WARN_ABOUT_RETURN_TYPE = YES_ERROR;
				GCC_WARN_UNDECLARED_SELECTOR = YES;
				GCC_WARN_UNINITIALIZED_AUTOS = YES_AGGRESSIVE;
				GCC_WARN_UNUSED_FUNCTION = YES;
				GCC_WARN_UNUSED_VARIABLE = YES;
				IPHONEOS_DEPLOYMENT_TARGET = 13.0;
				MTL_ENABLE_DEBUG_INFO = INCLUDE_SOURCE;
				MTL_FAST_MATH = YES;
				ONLY_ACTIVE_ARCH = YES;
				SDKROOT = iphoneos;
				SWIFT_ACTIVE_COMPILATION_CONDITIONS = DEBUG;
				SWIFT_OPTIMIZATION_LEVEL = "-Onone";
			};
			name = Debug;
		};
		D04D6C9328E4376E00FBACE2 /* Release */ = {
			isa = XCBuildConfiguration;
			buildSettings = {
				ALWAYS_SEARCH_USER_PATHS = NO;
				CLANG_ANALYZER_LOCALIZABILITY_NONLOCALIZED = YES;
				CLANG_ANALYZER_NONNULL = YES;
				CLANG_ANALYZER_NUMBER_OBJECT_CONVERSION = YES_AGGRESSIVE;
				CLANG_CXX_LANGUAGE_STANDARD = "gnu++17";
				CLANG_ENABLE_MODULES = YES;
				CLANG_ENABLE_OBJC_ARC = YES;
				CLANG_ENABLE_OBJC_WEAK = YES;
				CLANG_WARN_BLOCK_CAPTURE_AUTORELEASING = YES;
				CLANG_WARN_BOOL_CONVERSION = YES;
				CLANG_WARN_COMMA = YES;
				CLANG_WARN_CONSTANT_CONVERSION = YES;
				CLANG_WARN_DEPRECATED_OBJC_IMPLEMENTATIONS = YES;
				CLANG_WARN_DIRECT_OBJC_ISA_USAGE = YES_ERROR;
				CLANG_WARN_DOCUMENTATION_COMMENTS = YES;
				CLANG_WARN_EMPTY_BODY = YES;
				CLANG_WARN_ENUM_CONVERSION = YES;
				CLANG_WARN_INFINITE_RECURSION = YES;
				CLANG_WARN_INT_CONVERSION = YES;
				CLANG_WARN_NON_LITERAL_NULL_CONVERSION = YES;
				CLANG_WARN_OBJC_IMPLICIT_RETAIN_SELF = YES;
				CLANG_WARN_OBJC_LITERAL_CONVERSION = YES;
				CLANG_WARN_OBJC_ROOT_CLASS = YES_ERROR;
				CLANG_WARN_QUOTED_INCLUDE_IN_FRAMEWORK_HEADER = YES;
				CLANG_WARN_RANGE_LOOP_ANALYSIS = YES;
				CLANG_WARN_STRICT_PROTOTYPES = YES;
				CLANG_WARN_SUSPICIOUS_MOVE = YES;
				CLANG_WARN_UNGUARDED_AVAILABILITY = YES_AGGRESSIVE;
				CLANG_WARN_UNREACHABLE_CODE = YES;
				CLANG_WARN__DUPLICATE_METHOD_MATCH = YES;
				COPY_PHASE_STRIP = NO;
				DEBUG_INFORMATION_FORMAT = "dwarf-with-dsym";
				ENABLE_NS_ASSERTIONS = NO;
				ENABLE_STRICT_OBJC_MSGSEND = YES;
				GCC_C_LANGUAGE_STANDARD = gnu11;
				GCC_NO_COMMON_BLOCKS = YES;
				GCC_WARN_64_TO_32_BIT_CONVERSION = YES;
				GCC_WARN_ABOUT_RETURN_TYPE = YES_ERROR;
				GCC_WARN_UNDECLARED_SELECTOR = YES;
				GCC_WARN_UNINITIALIZED_AUTOS = YES_AGGRESSIVE;
				GCC_WARN_UNUSED_FUNCTION = YES;
				GCC_WARN_UNUSED_VARIABLE = YES;
				IPHONEOS_DEPLOYMENT_TARGET = 13.0;
				MTL_ENABLE_DEBUG_INFO = NO;
				MTL_FAST_MATH = YES;
				SDKROOT = iphoneos;
				SWIFT_COMPILATION_MODE = wholemodule;
				SWIFT_OPTIMIZATION_LEVEL = "-O";
				VALIDATE_PRODUCT = YES;
			};
			name = Release;
		};
		D04D6C9528E4376E00FBACE2 /* Debug */ = {
			isa = XCBuildConfiguration;
			buildSettings = {
				ASSETCATALOG_COMPILER_APPICON_NAME = AppIcon;
				ASSETCATALOG_COMPILER_GLOBAL_ACCENT_COLOR_NAME = AccentColor;
				CODE_SIGN_STYLE = Automatic;
				CURRENT_PROJECT_VERSION = 1;
				DEVELOPMENT_TEAM = HJMW5QNUJY;
				GENERATE_INFOPLIST_FILE = YES;
				INFOPLIST_FILE = BreakingBadCharacters/Resources/Info.plist;
				INFOPLIST_KEY_CFBundleDisplayName = BreakingBadCharacters;
				INFOPLIST_KEY_UIApplicationSupportsIndirectInputEvents = YES;
				INFOPLIST_KEY_UILaunchStoryboardName = SplashViewController;
				INFOPLIST_KEY_UISupportedInterfaceOrientations_iPad = "UIInterfaceOrientationPortrait UIInterfaceOrientationPortraitUpsideDown UIInterfaceOrientationLandscapeLeft UIInterfaceOrientationLandscapeRight";
				INFOPLIST_KEY_UISupportedInterfaceOrientations_iPhone = "UIInterfaceOrientationPortrait UIInterfaceOrientationLandscapeLeft UIInterfaceOrientationLandscapeRight";
				IPHONEOS_DEPLOYMENT_TARGET = 13.0;
				LD_RUNPATH_SEARCH_PATHS = (
					"$(inherited)",
					"@executable_path/Frameworks",
				);
				MARKETING_VERSION = 0.1.0;
				PRODUCT_BUNDLE_IDENTIFIER = com.BreakingBadCharacters;
				PRODUCT_NAME = "$(TARGET_NAME)";
				SWIFT_EMIT_LOC_STRINGS = YES;
				SWIFT_VERSION = 5.0;
				TARGETED_DEVICE_FAMILY = 1;
			};
			name = Debug;
		};
		D04D6C9628E4376E00FBACE2 /* Release */ = {
			isa = XCBuildConfiguration;
			buildSettings = {
				ASSETCATALOG_COMPILER_APPICON_NAME = AppIcon;
				ASSETCATALOG_COMPILER_GLOBAL_ACCENT_COLOR_NAME = AccentColor;
				CODE_SIGN_STYLE = Automatic;
				CURRENT_PROJECT_VERSION = 1;
				DEVELOPMENT_TEAM = HJMW5QNUJY;
				GENERATE_INFOPLIST_FILE = YES;
				INFOPLIST_FILE = BreakingBadCharacters/Resources/Info.plist;
				INFOPLIST_KEY_CFBundleDisplayName = BreakingBadCharacters;
				INFOPLIST_KEY_UIApplicationSupportsIndirectInputEvents = YES;
				INFOPLIST_KEY_UILaunchStoryboardName = SplashViewController;
				INFOPLIST_KEY_UISupportedInterfaceOrientations_iPad = "UIInterfaceOrientationPortrait UIInterfaceOrientationPortraitUpsideDown UIInterfaceOrientationLandscapeLeft UIInterfaceOrientationLandscapeRight";
				INFOPLIST_KEY_UISupportedInterfaceOrientations_iPhone = "UIInterfaceOrientationPortrait UIInterfaceOrientationLandscapeLeft UIInterfaceOrientationLandscapeRight";
				IPHONEOS_DEPLOYMENT_TARGET = 13.0;
				LD_RUNPATH_SEARCH_PATHS = (
					"$(inherited)",
					"@executable_path/Frameworks",
				);
				MARKETING_VERSION = 0.1.0;
				PRODUCT_BUNDLE_IDENTIFIER = com.BreakingBadCharacters;
				PRODUCT_NAME = "$(TARGET_NAME)";
				SWIFT_EMIT_LOC_STRINGS = YES;
				SWIFT_VERSION = 5.0;
				TARGETED_DEVICE_FAMILY = 1;
			};
			name = Release;
		};
/* End XCBuildConfiguration section */

/* Begin XCConfigurationList section */
		D04D6C7B28E4376E00FBACE2 /* Build configuration list for PBXProject "BreakingBadCharacters" */ = {
			isa = XCConfigurationList;
			buildConfigurations = (
				D04D6C9228E4376E00FBACE2 /* Debug */,
				D04D6C9328E4376E00FBACE2 /* Release */,
			);
			defaultConfigurationIsVisible = 0;
			defaultConfigurationName = Release;
		};
		D04D6C9428E4376E00FBACE2 /* Build configuration list for PBXNativeTarget "BreakingBadCharacters" */ = {
			isa = XCConfigurationList;
			buildConfigurations = (
				D04D6C9528E4376E00FBACE2 /* Debug */,
				D04D6C9628E4376E00FBACE2 /* Release */,
			);
			defaultConfigurationIsVisible = 0;
			defaultConfigurationName = Release;
		};
/* End XCConfigurationList section */

/* Begin XCRemoteSwiftPackageReference section */
		D0237AD228E447BE000F9E54 /* XCRemoteSwiftPackageReference "SnapKit" */ = {
			isa = XCRemoteSwiftPackageReference;
			repositoryURL = "https://github.com/SnapKit/SnapKit.git";
			requirement = {
				kind = upToNextMajorVersion;
				minimumVersion = 5.0.0;
			};
		};
		D0237AE228E457CC000F9E54 /* XCRemoteSwiftPackageReference "NVActivityIndicatorView" */ = {
			isa = XCRemoteSwiftPackageReference;
			repositoryURL = "https://github.com/ninjaprox/NVActivityIndicatorView";
			requirement = {
				kind = upToNextMajorVersion;
				minimumVersion = 5.0.0;
			};
		};
		D0237AE528E462FC000F9E54 /* XCRemoteSwiftPackageReference "Alamofire" */ = {
			isa = XCRemoteSwiftPackageReference;
			repositoryURL = "https://github.com/Alamofire/Alamofire.git";
			requirement = {
				kind = upToNextMajorVersion;
				minimumVersion = 5.0.0;
			};
		};
		D0237AE828E4636F000F9E54 /* XCRemoteSwiftPackageReference "Kingfisher" */ = {
			isa = XCRemoteSwiftPackageReference;
			repositoryURL = "https://github.com/onevcat/Kingfisher.git";
			requirement = {
				kind = upToNextMajorVersion;
				minimumVersion = 7.0.0;
			};
		};
/* End XCRemoteSwiftPackageReference section */

/* Begin XCSwiftPackageProductDependency section */
		D0237AD328E447BE000F9E54 /* SnapKit */ = {
			isa = XCSwiftPackageProductDependency;
			package = D0237AD228E447BE000F9E54 /* XCRemoteSwiftPackageReference "SnapKit" */;
			productName = SnapKit;
		};
		D0237AE328E457CC000F9E54 /* NVActivityIndicatorView */ = {
			isa = XCSwiftPackageProductDependency;
			package = D0237AE228E457CC000F9E54 /* XCRemoteSwiftPackageReference "NVActivityIndicatorView" */;
			productName = NVActivityIndicatorView;
		};
		D0237AE628E462FC000F9E54 /* Alamofire */ = {
			isa = XCSwiftPackageProductDependency;
			package = D0237AE528E462FC000F9E54 /* XCRemoteSwiftPackageReference "Alamofire" */;
			productName = Alamofire;
		};
		D0237AE928E4636F000F9E54 /* Kingfisher */ = {
			isa = XCSwiftPackageProductDependency;
			package = D0237AE828E4636F000F9E54 /* XCRemoteSwiftPackageReference "Kingfisher" */;
			productName = Kingfisher;
		};
/* End XCSwiftPackageProductDependency section */
	};
	rootObject = D04D6C7828E4376E00FBACE2 /* Project object */;
}
